
Microsoft Visual Studio Solution File, Format Version 12.00
# Visual Studio 15
VisualStudioVersion = 15.0.26730.16
MinimumVisualStudioVersion = 10.0.40219.1
Project("{FAE04EC0-301F-11D3-BF4B-00C04F79EFBC}") = "MediaExperience.Android", "MediaExperience\MediaExperience.Android\MediaExperience.Android.csproj", "{C906E2C0-C5F8-4B6B-BEB3-69F9B9B7305C}"
EndProject
Project("{FAE04EC0-301F-11D3-BF4B-00C04F79EFBC}") = "MediaExperience.UWP", "MediaExperience\MediaExperience.UWP\MediaExperience.UWP.csproj", "{0758F6B6-A04F-4731-B7BB-2E83FAE55977}"
EndProject
Project("{FAE04EC0-301F-11D3-BF4B-00C04F79EFBC}") = "MediaExperience.iOS", "MediaExperience\MediaExperience.iOS\MediaExperience.iOS.csproj", "{FE380222-DCEF-42A9-9616-BF8986A2021F}"
EndProject
Project("{FAE04EC0-301F-11D3-BF4B-00C04F79EFBC}") = "MediaExperience.UWP.RemoteController", "MediaExperience.UWP.RemoteController\MediaExperience.UWP.RemoteController.csproj", "{F15ADF55-9387-4A65-ABAE-AA698F6ADD5A}"
EndProject
Project("{FAE04EC0-301F-11D3-BF4B-00C04F79EFBC}") = "Plugin.Rome.UWP", "Plugin.Rome.UWP\Plugin.Rome.UWP.csproj", "{192925A3-C56F-4FFE-BA0E-132079F7FC7D}"
EndProject
Project("{9A19103F-16F7-4668-BE54-9A1E7A4F7556}") = "Plugin.Rome", "Plugin.Rome\Plugin.Rome.csproj", "{CC4F6662-C51D-41FB-95B4-C6CEAF8EEA89}"
EndProject
Project("{FAE04EC0-301F-11D3-BF4B-00C04F79EFBC}") = "Plugin.Rome.Android", "Plugin.Rome.Android\Plugin.Rome.Android.csproj", "{5C518DA6-0D8F-45F3-9FC2-37D539810900}"
EndProject
Project("{9A19103F-16F7-4668-BE54-9A1E7A4F7556}") = "MediaExperience", "MediaExperience\MediaExperience\MediaExperience.csproj", "{77A6AD17-7978-4ACC-9ADF-73B36AD14E72}"
EndProject
Global
	GlobalSection(SolutionConfigurationPlatforms) = preSolution
		Ad-Hoc|Any CPU = Ad-Hoc|Any CPU
		Ad-Hoc|ARM = Ad-Hoc|ARM
		Ad-Hoc|iPhone = Ad-Hoc|iPhone
		Ad-Hoc|iPhoneSimulator = Ad-Hoc|iPhoneSimulator
		Ad-Hoc|x64 = Ad-Hoc|x64
		Ad-Hoc|x86 = Ad-Hoc|x86
		AppStore|Any CPU = AppStore|Any CPU
		AppStore|ARM = AppStore|ARM
		AppStore|iPhone = AppStore|iPhone
		AppStore|iPhoneSimulator = AppStore|iPhoneSimulator
		AppStore|x64 = AppStore|x64
		AppStore|x86 = AppStore|x86
		Debug|Any CPU = Debug|Any CPU
		Debug|ARM = Debug|ARM
		Debug|iPhone = Debug|iPhone
		Debug|iPhoneSimulator = Debug|iPhoneSimulator
		Debug|x64 = Debug|x64
		Debug|x86 = Debug|x86
		Release|Any CPU = Release|Any CPU
		Release|ARM = Release|ARM
		Release|iPhone = Release|iPhone
		Release|iPhoneSimulator = Release|iPhoneSimulator
		Release|x64 = Release|x64
		Release|x86 = Release|x86
	EndGlobalSection
	GlobalSection(ProjectConfigurationPlatforms) = postSolution
		{C906E2C0-C5F8-4B6B-BEB3-69F9B9B7305C}.Ad-Hoc|Any CPU.ActiveCfg = Release|Any CPU
		{C906E2C0-C5F8-4B6B-BEB3-69F9B9B7305C}.Ad-Hoc|Any CPU.Build.0 = Release|Any CPU
		{C906E2C0-C5F8-4B6B-BEB3-69F9B9B7305C}.Ad-Hoc|Any CPU.Deploy.0 = Release|Any CPU
		{C906E2C0-C5F8-4B6B-BEB3-69F9B9B7305C}.Ad-Hoc|ARM.ActiveCfg = Release|Any CPU
		{C906E2C0-C5F8-4B6B-BEB3-69F9B9B7305C}.Ad-Hoc|ARM.Build.0 = Release|Any CPU
		{C906E2C0-C5F8-4B6B-BEB3-69F9B9B7305C}.Ad-Hoc|ARM.Deploy.0 = Release|Any CPU
		{C906E2C0-C5F8-4B6B-BEB3-69F9B9B7305C}.Ad-Hoc|iPhone.ActiveCfg = Release|Any CPU
		{C906E2C0-C5F8-4B6B-BEB3-69F9B9B7305C}.Ad-Hoc|iPhone.Build.0 = Release|Any CPU
		{C906E2C0-C5F8-4B6B-BEB3-69F9B9B7305C}.Ad-Hoc|iPhone.Deploy.0 = Release|Any CPU
		{C906E2C0-C5F8-4B6B-BEB3-69F9B9B7305C}.Ad-Hoc|iPhoneSimulator.ActiveCfg = Release|Any CPU
		{C906E2C0-C5F8-4B6B-BEB3-69F9B9B7305C}.Ad-Hoc|iPhoneSimulator.Build.0 = Release|Any CPU
		{C906E2C0-C5F8-4B6B-BEB3-69F9B9B7305C}.Ad-Hoc|iPhoneSimulator.Deploy.0 = Release|Any CPU
		{C906E2C0-C5F8-4B6B-BEB3-69F9B9B7305C}.Ad-Hoc|x64.ActiveCfg = Release|Any CPU
		{C906E2C0-C5F8-4B6B-BEB3-69F9B9B7305C}.Ad-Hoc|x64.Build.0 = Release|Any CPU
		{C906E2C0-C5F8-4B6B-BEB3-69F9B9B7305C}.Ad-Hoc|x64.Deploy.0 = Release|Any CPU
		{C906E2C0-C5F8-4B6B-BEB3-69F9B9B7305C}.Ad-Hoc|x86.ActiveCfg = Release|Any CPU
		{C906E2C0-C5F8-4B6B-BEB3-69F9B9B7305C}.Ad-Hoc|x86.Build.0 = Release|Any CPU
		{C906E2C0-C5F8-4B6B-BEB3-69F9B9B7305C}.Ad-Hoc|x86.Deploy.0 = Release|Any CPU
		{C906E2C0-C5F8-4B6B-BEB3-69F9B9B7305C}.AppStore|Any CPU.ActiveCfg = Release|Any CPU
		{C906E2C0-C5F8-4B6B-BEB3-69F9B9B7305C}.AppStore|Any CPU.Build.0 = Release|Any CPU
		{C906E2C0-C5F8-4B6B-BEB3-69F9B9B7305C}.AppStore|Any CPU.Deploy.0 = Release|Any CPU
		{C906E2C0-C5F8-4B6B-BEB3-69F9B9B7305C}.AppStore|ARM.ActiveCfg = Release|Any CPU
		{C906E2C0-C5F8-4B6B-BEB3-69F9B9B7305C}.AppStore|ARM.Build.0 = Release|Any CPU
		{C906E2C0-C5F8-4B6B-BEB3-69F9B9B7305C}.AppStore|ARM.Deploy.0 = Release|Any CPU
		{C906E2C0-C5F8-4B6B-BEB3-69F9B9B7305C}.AppStore|iPhone.ActiveCfg = Release|Any CPU
		{C906E2C0-C5F8-4B6B-BEB3-69F9B9B7305C}.AppStore|iPhone.Build.0 = Release|Any CPU
		{C906E2C0-C5F8-4B6B-BEB3-69F9B9B7305C}.AppStore|iPhone.Deploy.0 = Release|Any CPU
		{C906E2C0-C5F8-4B6B-BEB3-69F9B9B7305C}.AppStore|iPhoneSimulator.ActiveCfg = Release|Any CPU
		{C906E2C0-C5F8-4B6B-BEB3-69F9B9B7305C}.AppStore|iPhoneSimulator.Build.0 = Release|Any CPU
		{C906E2C0-C5F8-4B6B-BEB3-69F9B9B7305C}.AppStore|iPhoneSimulator.Deploy.0 = Release|Any CPU
		{C906E2C0-C5F8-4B6B-BEB3-69F9B9B7305C}.AppStore|x64.ActiveCfg = Release|Any CPU
		{C906E2C0-C5F8-4B6B-BEB3-69F9B9B7305C}.AppStore|x64.Build.0 = Release|Any CPU
		{C906E2C0-C5F8-4B6B-BEB3-69F9B9B7305C}.AppStore|x64.Deploy.0 = Release|Any CPU
		{C906E2C0-C5F8-4B6B-BEB3-69F9B9B7305C}.AppStore|x86.ActiveCfg = Release|Any CPU
		{C906E2C0-C5F8-4B6B-BEB3-69F9B9B7305C}.AppStore|x86.Build.0 = Release|Any CPU
		{C906E2C0-C5F8-4B6B-BEB3-69F9B9B7305C}.AppStore|x86.Deploy.0 = Release|Any CPU
		{C906E2C0-C5F8-4B6B-BEB3-69F9B9B7305C}.Debug|Any CPU.ActiveCfg = Debug|Any CPU
		{C906E2C0-C5F8-4B6B-BEB3-69F9B9B7305C}.Debug|Any CPU.Build.0 = Debug|Any CPU
		{C906E2C0-C5F8-4B6B-BEB3-69F9B9B7305C}.Debug|Any CPU.Deploy.0 = Debug|Any CPU
		{C906E2C0-C5F8-4B6B-BEB3-69F9B9B7305C}.Debug|ARM.ActiveCfg = Debug|Any CPU
		{C906E2C0-C5F8-4B6B-BEB3-69F9B9B7305C}.Debug|ARM.Build.0 = Debug|Any CPU
		{C906E2C0-C5F8-4B6B-BEB3-69F9B9B7305C}.Debug|ARM.Deploy.0 = Debug|Any CPU
		{C906E2C0-C5F8-4B6B-BEB3-69F9B9B7305C}.Debug|iPhone.ActiveCfg = Debug|Any CPU
		{C906E2C0-C5F8-4B6B-BEB3-69F9B9B7305C}.Debug|iPhone.Build.0 = Debug|Any CPU
		{C906E2C0-C5F8-4B6B-BEB3-69F9B9B7305C}.Debug|iPhone.Deploy.0 = Debug|Any CPU
		{C906E2C0-C5F8-4B6B-BEB3-69F9B9B7305C}.Debug|iPhoneSimulator.ActiveCfg = Debug|Any CPU
		{C906E2C0-C5F8-4B6B-BEB3-69F9B9B7305C}.Debug|iPhoneSimulator.Build.0 = Debug|Any CPU
		{C906E2C0-C5F8-4B6B-BEB3-69F9B9B7305C}.Debug|iPhoneSimulator.Deploy.0 = Debug|Any CPU
		{C906E2C0-C5F8-4B6B-BEB3-69F9B9B7305C}.Debug|x64.ActiveCfg = Debug|Any CPU
		{C906E2C0-C5F8-4B6B-BEB3-69F9B9B7305C}.Debug|x64.Build.0 = Debug|Any CPU
		{C906E2C0-C5F8-4B6B-BEB3-69F9B9B7305C}.Debug|x64.Deploy.0 = Debug|Any CPU
		{C906E2C0-C5F8-4B6B-BEB3-69F9B9B7305C}.Debug|x86.ActiveCfg = Debug|Any CPU
		{C906E2C0-C5F8-4B6B-BEB3-69F9B9B7305C}.Debug|x86.Build.0 = Debug|Any CPU
		{C906E2C0-C5F8-4B6B-BEB3-69F9B9B7305C}.Debug|x86.Deploy.0 = Debug|Any CPU
		{C906E2C0-C5F8-4B6B-BEB3-69F9B9B7305C}.Release|Any CPU.ActiveCfg = Release|Any CPU
		{C906E2C0-C5F8-4B6B-BEB3-69F9B9B7305C}.Release|Any CPU.Build.0 = Release|Any CPU
		{C906E2C0-C5F8-4B6B-BEB3-69F9B9B7305C}.Release|Any CPU.Deploy.0 = Release|Any CPU
		{C906E2C0-C5F8-4B6B-BEB3-69F9B9B7305C}.Release|ARM.ActiveCfg = Release|Any CPU
		{C906E2C0-C5F8-4B6B-BEB3-69F9B9B7305C}.Release|ARM.Build.0 = Release|Any CPU
		{C906E2C0-C5F8-4B6B-BEB3-69F9B9B7305C}.Release|ARM.Deploy.0 = Release|Any CPU
		{C906E2C0-C5F8-4B6B-BEB3-69F9B9B7305C}.Release|iPhone.ActiveCfg = Release|Any CPU
		{C906E2C0-C5F8-4B6B-BEB3-69F9B9B7305C}.Release|iPhone.Build.0 = Release|Any CPU
		{C906E2C0-C5F8-4B6B-BEB3-69F9B9B7305C}.Release|iPhone.Deploy.0 = Release|Any CPU
		{C906E2C0-C5F8-4B6B-BEB3-69F9B9B7305C}.Release|iPhoneSimulator.ActiveCfg = Release|Any CPU
		{C906E2C0-C5F8-4B6B-BEB3-69F9B9B7305C}.Release|iPhoneSimulator.Build.0 = Release|Any CPU
		{C906E2C0-C5F8-4B6B-BEB3-69F9B9B7305C}.Release|iPhoneSimulator.Deploy.0 = Release|Any CPU
		{C906E2C0-C5F8-4B6B-BEB3-69F9B9B7305C}.Release|x64.ActiveCfg = Release|Any CPU
		{C906E2C0-C5F8-4B6B-BEB3-69F9B9B7305C}.Release|x64.Build.0 = Release|Any CPU
		{C906E2C0-C5F8-4B6B-BEB3-69F9B9B7305C}.Release|x64.Deploy.0 = Release|Any CPU
		{C906E2C0-C5F8-4B6B-BEB3-69F9B9B7305C}.Release|x86.ActiveCfg = Release|Any CPU
		{C906E2C0-C5F8-4B6B-BEB3-69F9B9B7305C}.Release|x86.Build.0 = Release|Any CPU
		{C906E2C0-C5F8-4B6B-BEB3-69F9B9B7305C}.Release|x86.Deploy.0 = Release|Any CPU
		{0758F6B6-A04F-4731-B7BB-2E83FAE55977}.Ad-Hoc|Any CPU.ActiveCfg = Release|x86
		{0758F6B6-A04F-4731-B7BB-2E83FAE55977}.Ad-Hoc|Any CPU.Build.0 = Release|x86
		{0758F6B6-A04F-4731-B7BB-2E83FAE55977}.Ad-Hoc|Any CPU.Deploy.0 = Release|x86
		{0758F6B6-A04F-4731-B7BB-2E83FAE55977}.Ad-Hoc|ARM.ActiveCfg = Release|ARM
		{0758F6B6-A04F-4731-B7BB-2E83FAE55977}.Ad-Hoc|ARM.Build.0 = Release|ARM
		{0758F6B6-A04F-4731-B7BB-2E83FAE55977}.Ad-Hoc|ARM.Deploy.0 = Release|ARM
		{0758F6B6-A04F-4731-B7BB-2E83FAE55977}.Ad-Hoc|iPhone.ActiveCfg = Release|x86
		{0758F6B6-A04F-4731-B7BB-2E83FAE55977}.Ad-Hoc|iPhone.Build.0 = Release|x86
		{0758F6B6-A04F-4731-B7BB-2E83FAE55977}.Ad-Hoc|iPhone.Deploy.0 = Release|x86
		{0758F6B6-A04F-4731-B7BB-2E83FAE55977}.Ad-Hoc|iPhoneSimulator.ActiveCfg = Release|x86
		{0758F6B6-A04F-4731-B7BB-2E83FAE55977}.Ad-Hoc|iPhoneSimulator.Build.0 = Release|x86
		{0758F6B6-A04F-4731-B7BB-2E83FAE55977}.Ad-Hoc|iPhoneSimulator.Deploy.0 = Release|x86
		{0758F6B6-A04F-4731-B7BB-2E83FAE55977}.Ad-Hoc|x64.ActiveCfg = Release|x64
		{0758F6B6-A04F-4731-B7BB-2E83FAE55977}.Ad-Hoc|x64.Build.0 = Release|x64
		{0758F6B6-A04F-4731-B7BB-2E83FAE55977}.Ad-Hoc|x64.Deploy.0 = Release|x64
		{0758F6B6-A04F-4731-B7BB-2E83FAE55977}.Ad-Hoc|x86.ActiveCfg = Release|x86
		{0758F6B6-A04F-4731-B7BB-2E83FAE55977}.Ad-Hoc|x86.Build.0 = Release|x86
		{0758F6B6-A04F-4731-B7BB-2E83FAE55977}.Ad-Hoc|x86.Deploy.0 = Release|x86
		{0758F6B6-A04F-4731-B7BB-2E83FAE55977}.AppStore|Any CPU.ActiveCfg = Release|x86
		{0758F6B6-A04F-4731-B7BB-2E83FAE55977}.AppStore|Any CPU.Build.0 = Release|x86
		{0758F6B6-A04F-4731-B7BB-2E83FAE55977}.AppStore|Any CPU.Deploy.0 = Release|x86
		{0758F6B6-A04F-4731-B7BB-2E83FAE55977}.AppStore|ARM.ActiveCfg = Release|ARM
		{0758F6B6-A04F-4731-B7BB-2E83FAE55977}.AppStore|ARM.Build.0 = Release|ARM
		{0758F6B6-A04F-4731-B7BB-2E83FAE55977}.AppStore|ARM.Deploy.0 = Release|ARM
		{0758F6B6-A04F-4731-B7BB-2E83FAE55977}.AppStore|iPhone.ActiveCfg = Release|x86
		{0758F6B6-A04F-4731-B7BB-2E83FAE55977}.AppStore|iPhone.Build.0 = Release|x86
		{0758F6B6-A04F-4731-B7BB-2E83FAE55977}.AppStore|iPhone.Deploy.0 = Release|x86
		{0758F6B6-A04F-4731-B7BB-2E83FAE55977}.AppStore|iPhoneSimulator.ActiveCfg = Release|x86
		{0758F6B6-A04F-4731-B7BB-2E83FAE55977}.AppStore|iPhoneSimulator.Build.0 = Release|x86
		{0758F6B6-A04F-4731-B7BB-2E83FAE55977}.AppStore|iPhoneSimulator.Deploy.0 = Release|x86
		{0758F6B6-A04F-4731-B7BB-2E83FAE55977}.AppStore|x64.ActiveCfg = Release|x64
		{0758F6B6-A04F-4731-B7BB-2E83FAE55977}.AppStore|x64.Build.0 = Release|x64
		{0758F6B6-A04F-4731-B7BB-2E83FAE55977}.AppStore|x64.Deploy.0 = Release|x64
		{0758F6B6-A04F-4731-B7BB-2E83FAE55977}.AppStore|x86.ActiveCfg = Release|x86
		{0758F6B6-A04F-4731-B7BB-2E83FAE55977}.AppStore|x86.Build.0 = Release|x86
		{0758F6B6-A04F-4731-B7BB-2E83FAE55977}.AppStore|x86.Deploy.0 = Release|x86
		{0758F6B6-A04F-4731-B7BB-2E83FAE55977}.Debug|Any CPU.ActiveCfg = Debug|x86
		{0758F6B6-A04F-4731-B7BB-2E83FAE55977}.Debug|Any CPU.Build.0 = Debug|x86
		{0758F6B6-A04F-4731-B7BB-2E83FAE55977}.Debug|ARM.ActiveCfg = Debug|ARM
		{0758F6B6-A04F-4731-B7BB-2E83FAE55977}.Debug|ARM.Build.0 = Debug|ARM
		{0758F6B6-A04F-4731-B7BB-2E83FAE55977}.Debug|ARM.Deploy.0 = Debug|ARM
		{0758F6B6-A04F-4731-B7BB-2E83FAE55977}.Debug|iPhone.ActiveCfg = Debug|x86
		{0758F6B6-A04F-4731-B7BB-2E83FAE55977}.Debug|iPhoneSimulator.ActiveCfg = Debug|x86
		{0758F6B6-A04F-4731-B7BB-2E83FAE55977}.Debug|x64.ActiveCfg = Debug|x64
		{0758F6B6-A04F-4731-B7BB-2E83FAE55977}.Debug|x64.Build.0 = Debug|x64
		{0758F6B6-A04F-4731-B7BB-2E83FAE55977}.Debug|x64.Deploy.0 = Debug|x64
		{0758F6B6-A04F-4731-B7BB-2E83FAE55977}.Debug|x86.ActiveCfg = Debug|x86
		{0758F6B6-A04F-4731-B7BB-2E83FAE55977}.Debug|x86.Build.0 = Debug|x86
		{0758F6B6-A04F-4731-B7BB-2E83FAE55977}.Debug|x86.Deploy.0 = Debug|x86
		{0758F6B6-A04F-4731-B7BB-2E83FAE55977}.Release|Any CPU.ActiveCfg = Release|x86
		{0758F6B6-A04F-4731-B7BB-2E83FAE55977}.Release|ARM.ActiveCfg = Release|ARM
		{0758F6B6-A04F-4731-B7BB-2E83FAE55977}.Release|ARM.Build.0 = Release|ARM
		{0758F6B6-A04F-4731-B7BB-2E83FAE55977}.Release|ARM.Deploy.0 = Release|ARM
		{0758F6B6-A04F-4731-B7BB-2E83FAE55977}.Release|iPhone.ActiveCfg = Release|x86
		{0758F6B6-A04F-4731-B7BB-2E83FAE55977}.Release|iPhoneSimulator.ActiveCfg = Release|x86
		{0758F6B6-A04F-4731-B7BB-2E83FAE55977}.Release|x64.ActiveCfg = Release|x64
		{0758F6B6-A04F-4731-B7BB-2E83FAE55977}.Release|x64.Build.0 = Release|x64
		{0758F6B6-A04F-4731-B7BB-2E83FAE55977}.Release|x64.Deploy.0 = Release|x64
		{0758F6B6-A04F-4731-B7BB-2E83FAE55977}.Release|x86.ActiveCfg = Release|x86
		{0758F6B6-A04F-4731-B7BB-2E83FAE55977}.Release|x86.Build.0 = Release|x86
		{0758F6B6-A04F-4731-B7BB-2E83FAE55977}.Release|x86.Deploy.0 = Release|x86
		{FE380222-DCEF-42A9-9616-BF8986A2021F}.Ad-Hoc|Any CPU.ActiveCfg = Ad-Hoc|iPhone
		{FE380222-DCEF-42A9-9616-BF8986A2021F}.Ad-Hoc|ARM.ActiveCfg = Ad-Hoc|iPhone
		{FE380222-DCEF-42A9-9616-BF8986A2021F}.Ad-Hoc|iPhone.ActiveCfg = Ad-Hoc|iPhone
		{FE380222-DCEF-42A9-9616-BF8986A2021F}.Ad-Hoc|iPhone.Build.0 = Ad-Hoc|iPhone
		{FE380222-DCEF-42A9-9616-BF8986A2021F}.Ad-Hoc|iPhoneSimulator.ActiveCfg = Ad-Hoc|iPhoneSimulator
		{FE380222-DCEF-42A9-9616-BF8986A2021F}.Ad-Hoc|iPhoneSimulator.Build.0 = Ad-Hoc|iPhoneSimulator
		{FE380222-DCEF-42A9-9616-BF8986A2021F}.Ad-Hoc|x64.ActiveCfg = Ad-Hoc|iPhone
		{FE380222-DCEF-42A9-9616-BF8986A2021F}.Ad-Hoc|x86.ActiveCfg = Ad-Hoc|iPhone
		{FE380222-DCEF-42A9-9616-BF8986A2021F}.AppStore|Any CPU.ActiveCfg = AppStore|iPhone
		{FE380222-DCEF-42A9-9616-BF8986A2021F}.AppStore|ARM.ActiveCfg = AppStore|iPhone
		{FE380222-DCEF-42A9-9616-BF8986A2021F}.AppStore|iPhone.ActiveCfg = AppStore|iPhone
		{FE380222-DCEF-42A9-9616-BF8986A2021F}.AppStore|iPhone.Build.0 = AppStore|iPhone
		{FE380222-DCEF-42A9-9616-BF8986A2021F}.AppStore|iPhoneSimulator.ActiveCfg = AppStore|iPhoneSimulator
		{FE380222-DCEF-42A9-9616-BF8986A2021F}.AppStore|iPhoneSimulator.Build.0 = AppStore|iPhoneSimulator
		{FE380222-DCEF-42A9-9616-BF8986A2021F}.AppStore|x64.ActiveCfg = AppStore|iPhone
		{FE380222-DCEF-42A9-9616-BF8986A2021F}.AppStore|x86.ActiveCfg = AppStore|iPhone
		{FE380222-DCEF-42A9-9616-BF8986A2021F}.Debug|Any CPU.ActiveCfg = Debug|iPhone
		{FE380222-DCEF-42A9-9616-BF8986A2021F}.Debug|ARM.ActiveCfg = Debug|iPhone
		{FE380222-DCEF-42A9-9616-BF8986A2021F}.Debug|iPhone.ActiveCfg = Debug|iPhone
		{FE380222-DCEF-42A9-9616-BF8986A2021F}.Debug|iPhone.Build.0 = Debug|iPhone
		{FE380222-DCEF-42A9-9616-BF8986A2021F}.Debug|iPhoneSimulator.ActiveCfg = Debug|iPhoneSimulator
		{FE380222-DCEF-42A9-9616-BF8986A2021F}.Debug|iPhoneSimulator.Build.0 = Debug|iPhoneSimulator
		{FE380222-DCEF-42A9-9616-BF8986A2021F}.Debug|x64.ActiveCfg = Debug|iPhone
		{FE380222-DCEF-42A9-9616-BF8986A2021F}.Debug|x86.ActiveCfg = Debug|iPhone
		{FE380222-DCEF-42A9-9616-BF8986A2021F}.Release|Any CPU.ActiveCfg = Release|iPhone
		{FE380222-DCEF-42A9-9616-BF8986A2021F}.Release|ARM.ActiveCfg = Release|iPhone
		{FE380222-DCEF-42A9-9616-BF8986A2021F}.Release|iPhone.ActiveCfg = Release|iPhone
		{FE380222-DCEF-42A9-9616-BF8986A2021F}.Release|iPhone.Build.0 = Release|iPhone
		{FE380222-DCEF-42A9-9616-BF8986A2021F}.Release|iPhoneSimulator.ActiveCfg = Release|iPhoneSimulator
		{FE380222-DCEF-42A9-9616-BF8986A2021F}.Release|iPhoneSimulator.Build.0 = Release|iPhoneSimulator
		{FE380222-DCEF-42A9-9616-BF8986A2021F}.Release|x64.ActiveCfg = Release|iPhone
		{FE380222-DCEF-42A9-9616-BF8986A2021F}.Release|x86.ActiveCfg = Release|iPhone
		{F15ADF55-9387-4A65-ABAE-AA698F6ADD5A}.Ad-Hoc|Any CPU.ActiveCfg = Release|x64
		{F15ADF55-9387-4A65-ABAE-AA698F6ADD5A}.Ad-Hoc|Any CPU.Build.0 = Release|x64
		{F15ADF55-9387-4A65-ABAE-AA698F6ADD5A}.Ad-Hoc|Any CPU.Deploy.0 = Release|x64
		{F15ADF55-9387-4A65-ABAE-AA698F6ADD5A}.Ad-Hoc|ARM.ActiveCfg = Release|ARM
		{F15ADF55-9387-4A65-ABAE-AA698F6ADD5A}.Ad-Hoc|ARM.Build.0 = Release|ARM
		{F15ADF55-9387-4A65-ABAE-AA698F6ADD5A}.Ad-Hoc|ARM.Deploy.0 = Release|ARM
		{F15ADF55-9387-4A65-ABAE-AA698F6ADD5A}.Ad-Hoc|iPhone.ActiveCfg = Release|x64
		{F15ADF55-9387-4A65-ABAE-AA698F6ADD5A}.Ad-Hoc|iPhone.Build.0 = Release|x64
		{F15ADF55-9387-4A65-ABAE-AA698F6ADD5A}.Ad-Hoc|iPhone.Deploy.0 = Release|x64
		{F15ADF55-9387-4A65-ABAE-AA698F6ADD5A}.Ad-Hoc|iPhoneSimulator.ActiveCfg = Release|x64
		{F15ADF55-9387-4A65-ABAE-AA698F6ADD5A}.Ad-Hoc|iPhoneSimulator.Build.0 = Release|x64
		{F15ADF55-9387-4A65-ABAE-AA698F6ADD5A}.Ad-Hoc|iPhoneSimulator.Deploy.0 = Release|x64
		{F15ADF55-9387-4A65-ABAE-AA698F6ADD5A}.Ad-Hoc|x64.ActiveCfg = Release|x64
		{F15ADF55-9387-4A65-ABAE-AA698F6ADD5A}.Ad-Hoc|x64.Build.0 = Release|x64
		{F15ADF55-9387-4A65-ABAE-AA698F6ADD5A}.Ad-Hoc|x64.Deploy.0 = Release|x64
		{F15ADF55-9387-4A65-ABAE-AA698F6ADD5A}.Ad-Hoc|x86.ActiveCfg = Release|x86
		{F15ADF55-9387-4A65-ABAE-AA698F6ADD5A}.Ad-Hoc|x86.Build.0 = Release|x86
		{F15ADF55-9387-4A65-ABAE-AA698F6ADD5A}.Ad-Hoc|x86.Deploy.0 = Release|x86
		{F15ADF55-9387-4A65-ABAE-AA698F6ADD5A}.AppStore|Any CPU.ActiveCfg = Release|x64
		{F15ADF55-9387-4A65-ABAE-AA698F6ADD5A}.AppStore|Any CPU.Build.0 = Release|x64
		{F15ADF55-9387-4A65-ABAE-AA698F6ADD5A}.AppStore|Any CPU.Deploy.0 = Release|x64
		{F15ADF55-9387-4A65-ABAE-AA698F6ADD5A}.AppStore|ARM.ActiveCfg = Release|ARM
		{F15ADF55-9387-4A65-ABAE-AA698F6ADD5A}.AppStore|ARM.Build.0 = Release|ARM
		{F15ADF55-9387-4A65-ABAE-AA698F6ADD5A}.AppStore|ARM.Deploy.0 = Release|ARM
		{F15ADF55-9387-4A65-ABAE-AA698F6ADD5A}.AppStore|iPhone.ActiveCfg = Release|x64
		{F15ADF55-9387-4A65-ABAE-AA698F6ADD5A}.AppStore|iPhone.Build.0 = Release|x64
		{F15ADF55-9387-4A65-ABAE-AA698F6ADD5A}.AppStore|iPhone.Deploy.0 = Release|x64
		{F15ADF55-9387-4A65-ABAE-AA698F6ADD5A}.AppStore|iPhoneSimulator.ActiveCfg = Release|x64
		{F15ADF55-9387-4A65-ABAE-AA698F6ADD5A}.AppStore|iPhoneSimulator.Build.0 = Release|x64
		{F15ADF55-9387-4A65-ABAE-AA698F6ADD5A}.AppStore|iPhoneSimulator.Deploy.0 = Release|x64
		{F15ADF55-9387-4A65-ABAE-AA698F6ADD5A}.AppStore|x64.ActiveCfg = Release|x64
		{F15ADF55-9387-4A65-ABAE-AA698F6ADD5A}.AppStore|x64.Build.0 = Release|x64
		{F15ADF55-9387-4A65-ABAE-AA698F6ADD5A}.AppStore|x64.Deploy.0 = Release|x64
		{F15ADF55-9387-4A65-ABAE-AA698F6ADD5A}.AppStore|x86.ActiveCfg = Release|x86
		{F15ADF55-9387-4A65-ABAE-AA698F6ADD5A}.AppStore|x86.Build.0 = Release|x86
		{F15ADF55-9387-4A65-ABAE-AA698F6ADD5A}.AppStore|x86.Deploy.0 = Release|x86
		{F15ADF55-9387-4A65-ABAE-AA698F6ADD5A}.Debug|Any CPU.ActiveCfg = Debug|x86
		{F15ADF55-9387-4A65-ABAE-AA698F6ADD5A}.Debug|ARM.ActiveCfg = Debug|ARM
		{F15ADF55-9387-4A65-ABAE-AA698F6ADD5A}.Debug|ARM.Build.0 = Debug|ARM
		{F15ADF55-9387-4A65-ABAE-AA698F6ADD5A}.Debug|ARM.Deploy.0 = Debug|ARM
		{F15ADF55-9387-4A65-ABAE-AA698F6ADD5A}.Debug|iPhone.ActiveCfg = Debug|x86
		{F15ADF55-9387-4A65-ABAE-AA698F6ADD5A}.Debug|iPhoneSimulator.ActiveCfg = Debug|x86
		{F15ADF55-9387-4A65-ABAE-AA698F6ADD5A}.Debug|x64.ActiveCfg = Debug|x64
		{F15ADF55-9387-4A65-ABAE-AA698F6ADD5A}.Debug|x64.Build.0 = Debug|x64
		{F15ADF55-9387-4A65-ABAE-AA698F6ADD5A}.Debug|x64.Deploy.0 = Debug|x64
		{F15ADF55-9387-4A65-ABAE-AA698F6ADD5A}.Debug|x86.ActiveCfg = Debug|x86
		{F15ADF55-9387-4A65-ABAE-AA698F6ADD5A}.Debug|x86.Build.0 = Debug|x86
		{F15ADF55-9387-4A65-ABAE-AA698F6ADD5A}.Debug|x86.Deploy.0 = Debug|x86
		{F15ADF55-9387-4A65-ABAE-AA698F6ADD5A}.Release|Any CPU.ActiveCfg = Release|x86
		{F15ADF55-9387-4A65-ABAE-AA698F6ADD5A}.Release|ARM.ActiveCfg = Release|ARM
		{F15ADF55-9387-4A65-ABAE-AA698F6ADD5A}.Release|ARM.Build.0 = Release|ARM
		{F15ADF55-9387-4A65-ABAE-AA698F6ADD5A}.Release|ARM.Deploy.0 = Release|ARM
		{F15ADF55-9387-4A65-ABAE-AA698F6ADD5A}.Release|iPhone.ActiveCfg = Release|x86
		{F15ADF55-9387-4A65-ABAE-AA698F6ADD5A}.Release|iPhoneSimulator.ActiveCfg = Release|x86
		{F15ADF55-9387-4A65-ABAE-AA698F6ADD5A}.Release|x64.ActiveCfg = Release|x64
		{F15ADF55-9387-4A65-ABAE-AA698F6ADD5A}.Release|x64.Build.0 = Release|x64
		{F15ADF55-9387-4A65-ABAE-AA698F6ADD5A}.Release|x64.Deploy.0 = Release|x64
		{F15ADF55-9387-4A65-ABAE-AA698F6ADD5A}.Release|x86.ActiveCfg = Release|x86
		{F15ADF55-9387-4A65-ABAE-AA698F6ADD5A}.Release|x86.Build.0 = Release|x86
		{F15ADF55-9387-4A65-ABAE-AA698F6ADD5A}.Release|x86.Deploy.0 = Release|x86
		{192925A3-C56F-4FFE-BA0E-132079F7FC7D}.Ad-Hoc|Any CPU.ActiveCfg = Release|Any CPU
		{192925A3-C56F-4FFE-BA0E-132079F7FC7D}.Ad-Hoc|Any CPU.Build.0 = Release|Any CPU
		{192925A3-C56F-4FFE-BA0E-132079F7FC7D}.Ad-Hoc|ARM.ActiveCfg = Release|ARM
		{192925A3-C56F-4FFE-BA0E-132079F7FC7D}.Ad-Hoc|ARM.Build.0 = Release|ARM
		{192925A3-C56F-4FFE-BA0E-132079F7FC7D}.Ad-Hoc|iPhone.ActiveCfg = Release|Any CPU
		{192925A3-C56F-4FFE-BA0E-132079F7FC7D}.Ad-Hoc|iPhone.Build.0 = Release|Any CPU
		{192925A3-C56F-4FFE-BA0E-132079F7FC7D}.Ad-Hoc|iPhoneSimulator.ActiveCfg = Release|Any CPU
		{192925A3-C56F-4FFE-BA0E-132079F7FC7D}.Ad-Hoc|iPhoneSimulator.Build.0 = Release|Any CPU
		{192925A3-C56F-4FFE-BA0E-132079F7FC7D}.Ad-Hoc|x64.ActiveCfg = Release|x64
		{192925A3-C56F-4FFE-BA0E-132079F7FC7D}.Ad-Hoc|x64.Build.0 = Release|x64
		{192925A3-C56F-4FFE-BA0E-132079F7FC7D}.Ad-Hoc|x86.ActiveCfg = Release|x86
		{192925A3-C56F-4FFE-BA0E-132079F7FC7D}.Ad-Hoc|x86.Build.0 = Release|x86
		{192925A3-C56F-4FFE-BA0E-132079F7FC7D}.AppStore|Any CPU.ActiveCfg = Release|Any CPU
		{192925A3-C56F-4FFE-BA0E-132079F7FC7D}.AppStore|Any CPU.Build.0 = Release|Any CPU
		{192925A3-C56F-4FFE-BA0E-132079F7FC7D}.AppStore|ARM.ActiveCfg = Release|ARM
		{192925A3-C56F-4FFE-BA0E-132079F7FC7D}.AppStore|ARM.Build.0 = Release|ARM
		{192925A3-C56F-4FFE-BA0E-132079F7FC7D}.AppStore|iPhone.ActiveCfg = Release|Any CPU
		{192925A3-C56F-4FFE-BA0E-132079F7FC7D}.AppStore|iPhone.Build.0 = Release|Any CPU
		{192925A3-C56F-4FFE-BA0E-132079F7FC7D}.AppStore|iPhoneSimulator.ActiveCfg = Release|Any CPU
		{192925A3-C56F-4FFE-BA0E-132079F7FC7D}.AppStore|iPhoneSimulator.Build.0 = Release|Any CPU
		{192925A3-C56F-4FFE-BA0E-132079F7FC7D}.AppStore|x64.ActiveCfg = Release|x64
		{192925A3-C56F-4FFE-BA0E-132079F7FC7D}.AppStore|x64.Build.0 = Release|x64
		{192925A3-C56F-4FFE-BA0E-132079F7FC7D}.AppStore|x86.ActiveCfg = Release|x86
		{192925A3-C56F-4FFE-BA0E-132079F7FC7D}.AppStore|x86.Build.0 = Release|x86
		{192925A3-C56F-4FFE-BA0E-132079F7FC7D}.Debug|Any CPU.ActiveCfg = Debug|x86
		{192925A3-C56F-4FFE-BA0E-132079F7FC7D}.Debug|Any CPU.Build.0 = Debug|x86
		{192925A3-C56F-4FFE-BA0E-132079F7FC7D}.Debug|ARM.ActiveCfg = Debug|ARM
		{192925A3-C56F-4FFE-BA0E-132079F7FC7D}.Debug|ARM.Build.0 = Debug|ARM
		{192925A3-C56F-4FFE-BA0E-132079F7FC7D}.Debug|iPhone.ActiveCfg = Debug|Any CPU
		{192925A3-C56F-4FFE-BA0E-132079F7FC7D}.Debug|iPhone.Build.0 = Debug|Any CPU
		{192925A3-C56F-4FFE-BA0E-132079F7FC7D}.Debug|iPhoneSimulator.ActiveCfg = Debug|Any CPU
		{192925A3-C56F-4FFE-BA0E-132079F7FC7D}.Debug|iPhoneSimulator.Build.0 = Debug|Any CPU
		{192925A3-C56F-4FFE-BA0E-132079F7FC7D}.Debug|x64.ActiveCfg = Debug|x64
		{192925A3-C56F-4FFE-BA0E-132079F7FC7D}.Debug|x64.Build.0 = Debug|x64
		{192925A3-C56F-4FFE-BA0E-132079F7FC7D}.Debug|x86.ActiveCfg = Debug|x86
		{192925A3-C56F-4FFE-BA0E-132079F7FC7D}.Debug|x86.Build.0 = Debug|x86
		{192925A3-C56F-4FFE-BA0E-132079F7FC7D}.Release|Any CPU.ActiveCfg = Release|Any CPU
		{192925A3-C56F-4FFE-BA0E-132079F7FC7D}.Release|Any CPU.Build.0 = Release|Any CPU
		{192925A3-C56F-4FFE-BA0E-132079F7FC7D}.Release|ARM.ActiveCfg = Release|ARM
		{192925A3-C56F-4FFE-BA0E-132079F7FC7D}.Release|ARM.Build.0 = Release|ARM
		{192925A3-C56F-4FFE-BA0E-132079F7FC7D}.Release|iPhone.ActiveCfg = Release|Any CPU
		{192925A3-C56F-4FFE-BA0E-132079F7FC7D}.Release|iPhone.Build.0 = Release|Any CPU
		{192925A3-C56F-4FFE-BA0E-132079F7FC7D}.Release|iPhoneSimulator.ActiveCfg = Release|Any CPU
		{192925A3-C56F-4FFE-BA0E-132079F7FC7D}.Release|iPhoneSimulator.Build.0 = Release|Any CPU
		{192925A3-C56F-4FFE-BA0E-132079F7FC7D}.Release|x64.ActiveCfg = Release|x64
		{192925A3-C56F-4FFE-BA0E-132079F7FC7D}.Release|x64.Build.0 = Release|x64
		{192925A3-C56F-4FFE-BA0E-132079F7FC7D}.Release|x86.ActiveCfg = Release|x86
		{192925A3-C56F-4FFE-BA0E-132079F7FC7D}.Release|x86.Build.0 = Release|x86
		{CC4F6662-C51D-41FB-95B4-C6CEAF8EEA89}.Ad-Hoc|Any CPU.ActiveCfg = Debug|Any CPU
		{CC4F6662-C51D-41FB-95B4-C6CEAF8EEA89}.Ad-Hoc|Any CPU.Build.0 = Debug|Any CPU
		{CC4F6662-C51D-41FB-95B4-C6CEAF8EEA89}.Ad-Hoc|ARM.ActiveCfg = Debug|Any CPU
		{CC4F6662-C51D-41FB-95B4-C6CEAF8EEA89}.Ad-Hoc|ARM.Build.0 = Debug|Any CPU
		{CC4F6662-C51D-41FB-95B4-C6CEAF8EEA89}.Ad-Hoc|iPhone.ActiveCfg = Debug|Any CPU
		{CC4F6662-C51D-41FB-95B4-C6CEAF8EEA89}.Ad-Hoc|iPhone.Build.0 = Debug|Any CPU
		{CC4F6662-C51D-41FB-95B4-C6CEAF8EEA89}.Ad-Hoc|iPhoneSimulator.ActiveCfg = Debug|Any CPU
		{CC4F6662-C51D-41FB-95B4-C6CEAF8EEA89}.Ad-Hoc|iPhoneSimulator.Build.0 = Debug|Any CPU
		{CC4F6662-C51D-41FB-95B4-C6CEAF8EEA89}.Ad-Hoc|x64.ActiveCfg = Debug|Any CPU
		{CC4F6662-C51D-41FB-95B4-C6CEAF8EEA89}.Ad-Hoc|x64.Build.0 = Debug|Any CPU
		{CC4F6662-C51D-41FB-95B4-C6CEAF8EEA89}.Ad-Hoc|x86.ActiveCfg = Debug|Any CPU
		{CC4F6662-C51D-41FB-95B4-C6CEAF8EEA89}.Ad-Hoc|x86.Build.0 = Debug|Any CPU
		{CC4F6662-C51D-41FB-95B4-C6CEAF8EEA89}.AppStore|Any CPU.ActiveCfg = Debug|Any CPU
		{CC4F6662-C51D-41FB-95B4-C6CEAF8EEA89}.AppStore|Any CPU.Build.0 = Debug|Any CPU
		{CC4F6662-C51D-41FB-95B4-C6CEAF8EEA89}.AppStore|ARM.ActiveCfg = Debug|Any CPU
		{CC4F6662-C51D-41FB-95B4-C6CEAF8EEA89}.AppStore|ARM.Build.0 = Debug|Any CPU
		{CC4F6662-C51D-41FB-95B4-C6CEAF8EEA89}.AppStore|iPhone.ActiveCfg = Debug|Any CPU
		{CC4F6662-C51D-41FB-95B4-C6CEAF8EEA89}.AppStore|iPhone.Build.0 = Debug|Any CPU
		{CC4F6662-C51D-41FB-95B4-C6CEAF8EEA89}.AppStore|iPhoneSimulator.ActiveCfg = Debug|Any CPU
		{CC4F6662-C51D-41FB-95B4-C6CEAF8EEA89}.AppStore|iPhoneSimulator.Build.0 = Debug|Any CPU
		{CC4F6662-C51D-41FB-95B4-C6CEAF8EEA89}.AppStore|x64.ActiveCfg = Debug|Any CPU
		{CC4F6662-C51D-41FB-95B4-C6CEAF8EEA89}.AppStore|x64.Build.0 = Debug|Any CPU
		{CC4F6662-C51D-41FB-95B4-C6CEAF8EEA89}.AppStore|x86.ActiveCfg = Debug|Any CPU
		{CC4F6662-C51D-41FB-95B4-C6CEAF8EEA89}.AppStore|x86.Build.0 = Debug|Any CPU
		{CC4F6662-C51D-41FB-95B4-C6CEAF8EEA89}.Debug|Any CPU.ActiveCfg = Debug|Any CPU
		{CC4F6662-C51D-41FB-95B4-C6CEAF8EEA89}.Debug|Any CPU.Build.0 = Debug|Any CPU
		{CC4F6662-C51D-41FB-95B4-C6CEAF8EEA89}.Debug|ARM.ActiveCfg = Debug|Any CPU
		{CC4F6662-C51D-41FB-95B4-C6CEAF8EEA89}.Debug|ARM.Build.0 = Debug|Any CPU
		{CC4F6662-C51D-41FB-95B4-C6CEAF8EEA89}.Debug|iPhone.ActiveCfg = Debug|Any CPU
		{CC4F6662-C51D-41FB-95B4-C6CEAF8EEA89}.Debug|iPhone.Build.0 = Debug|Any CPU
		{CC4F6662-C51D-41FB-95B4-C6CEAF8EEA89}.Debug|iPhoneSimulator.ActiveCfg = Debug|Any CPU
		{CC4F6662-C51D-41FB-95B4-C6CEAF8EEA89}.Debug|iPhoneSimulator.Build.0 = Debug|Any CPU
		{CC4F6662-C51D-41FB-95B4-C6CEAF8EEA89}.Debug|x64.ActiveCfg = Debug|Any CPU
		{CC4F6662-C51D-41FB-95B4-C6CEAF8EEA89}.Debug|x64.Build.0 = Debug|Any CPU
		{CC4F6662-C51D-41FB-95B4-C6CEAF8EEA89}.Debug|x86.ActiveCfg = Debug|Any CPU
		{CC4F6662-C51D-41FB-95B4-C6CEAF8EEA89}.Debug|x86.Build.0 = Debug|Any CPU
		{CC4F6662-C51D-41FB-95B4-C6CEAF8EEA89}.Release|Any CPU.ActiveCfg = Release|Any CPU
		{CC4F6662-C51D-41FB-95B4-C6CEAF8EEA89}.Release|Any CPU.Build.0 = Release|Any CPU
		{CC4F6662-C51D-41FB-95B4-C6CEAF8EEA89}.Release|ARM.ActiveCfg = Release|Any CPU
		{CC4F6662-C51D-41FB-95B4-C6CEAF8EEA89}.Release|ARM.Build.0 = Release|Any CPU
		{CC4F6662-C51D-41FB-95B4-C6CEAF8EEA89}.Release|iPhone.ActiveCfg = Release|Any CPU
		{CC4F6662-C51D-41FB-95B4-C6CEAF8EEA89}.Release|iPhone.Build.0 = Release|Any CPU
		{CC4F6662-C51D-41FB-95B4-C6CEAF8EEA89}.Release|iPhoneSimulator.ActiveCfg = Release|Any CPU
		{CC4F6662-C51D-41FB-95B4-C6CEAF8EEA89}.Release|iPhoneSimulator.Build.0 = Release|Any CPU
		{CC4F6662-C51D-41FB-95B4-C6CEAF8EEA89}.Release|x64.ActiveCfg = Release|Any CPU
		{CC4F6662-C51D-41FB-95B4-C6CEAF8EEA89}.Release|x64.Build.0 = Release|Any CPU
		{CC4F6662-C51D-41FB-95B4-C6CEAF8EEA89}.Release|x86.ActiveCfg = Release|Any CPU
		{CC4F6662-C51D-41FB-95B4-C6CEAF8EEA89}.Release|x86.Build.0 = Release|Any CPU
		{5C518DA6-0D8F-45F3-9FC2-37D539810900}.Ad-Hoc|Any CPU.ActiveCfg = Release|Any CPU
		{5C518DA6-0D8F-45F3-9FC2-37D539810900}.Ad-Hoc|Any CPU.Build.0 = Release|Any CPU
		{5C518DA6-0D8F-45F3-9FC2-37D539810900}.Ad-Hoc|ARM.ActiveCfg = Release|Any CPU
		{5C518DA6-0D8F-45F3-9FC2-37D539810900}.Ad-Hoc|ARM.Build.0 = Release|Any CPU
		{5C518DA6-0D8F-45F3-9FC2-37D539810900}.Ad-Hoc|iPhone.ActiveCfg = Release|Any CPU
		{5C518DA6-0D8F-45F3-9FC2-37D539810900}.Ad-Hoc|iPhone.Build.0 = Release|Any CPU
		{5C518DA6-0D8F-45F3-9FC2-37D539810900}.Ad-Hoc|iPhoneSimulator.ActiveCfg = Release|Any CPU
		{5C518DA6-0D8F-45F3-9FC2-37D539810900}.Ad-Hoc|iPhoneSimulator.Build.0 = Release|Any CPU
		{5C518DA6-0D8F-45F3-9FC2-37D539810900}.Ad-Hoc|x64.ActiveCfg = Release|Any CPU
		{5C518DA6-0D8F-45F3-9FC2-37D539810900}.Ad-Hoc|x64.Build.0 = Release|Any CPU
		{5C518DA6-0D8F-45F3-9FC2-37D539810900}.Ad-Hoc|x86.ActiveCfg = Release|Any CPU
		{5C518DA6-0D8F-45F3-9FC2-37D539810900}.Ad-Hoc|x86.Build.0 = Release|Any CPU
		{5C518DA6-0D8F-45F3-9FC2-37D539810900}.AppStore|Any CPU.ActiveCfg = Release|Any CPU
		{5C518DA6-0D8F-45F3-9FC2-37D539810900}.AppStore|Any CPU.Build.0 = Release|Any CPU
		{5C518DA6-0D8F-45F3-9FC2-37D539810900}.AppStore|ARM.ActiveCfg = Release|Any CPU
		{5C518DA6-0D8F-45F3-9FC2-37D539810900}.AppStore|ARM.Build.0 = Release|Any CPU
		{5C518DA6-0D8F-45F3-9FC2-37D539810900}.AppStore|iPhone.ActiveCfg = Release|Any CPU
		{5C518DA6-0D8F-45F3-9FC2-37D539810900}.AppStore|iPhone.Build.0 = Release|Any CPU
		{5C518DA6-0D8F-45F3-9FC2-37D539810900}.AppStore|iPhoneSimulator.ActiveCfg = Release|Any CPU
		{5C518DA6-0D8F-45F3-9FC2-37D539810900}.AppStore|iPhoneSimulator.Build.0 = Release|Any CPU
		{5C518DA6-0D8F-45F3-9FC2-37D539810900}.AppStore|x64.ActiveCfg = Release|Any CPU
		{5C518DA6-0D8F-45F3-9FC2-37D539810900}.AppStore|x64.Build.0 = Release|Any CPU
		{5C518DA6-0D8F-45F3-9FC2-37D539810900}.AppStore|x86.ActiveCfg = Release|Any CPU
		{5C518DA6-0D8F-45F3-9FC2-37D539810900}.AppStore|x86.Build.0 = Release|Any CPU
		{5C518DA6-0D8F-45F3-9FC2-37D539810900}.Debug|Any CPU.ActiveCfg = Debug|Any CPU
		{5C518DA6-0D8F-45F3-9FC2-37D539810900}.Debug|Any CPU.Build.0 = Debug|Any CPU
		{5C518DA6-0D8F-45F3-9FC2-37D539810900}.Debug|ARM.ActiveCfg = Debug|Any CPU
		{5C518DA6-0D8F-45F3-9FC2-37D539810900}.Debug|ARM.Build.0 = Debug|Any CPU
		{5C518DA6-0D8F-45F3-9FC2-37D539810900}.Debug|iPhone.ActiveCfg = Debug|Any CPU
		{5C518DA6-0D8F-45F3-9FC2-37D539810900}.Debug|iPhone.Build.0 = Debug|Any CPU
		{5C518DA6-0D8F-45F3-9FC2-37D539810900}.Debug|iPhoneSimulator.ActiveCfg = Debug|Any CPU
		{5C518DA6-0D8F-45F3-9FC2-37D539810900}.Debug|iPhoneSimulator.Build.0 = Debug|Any CPU
		{5C518DA6-0D8F-45F3-9FC2-37D539810900}.Debug|x64.ActiveCfg = Debug|Any CPU
		{5C518DA6-0D8F-45F3-9FC2-37D539810900}.Debug|x64.Build.0 = Debug|Any CPU
		{5C518DA6-0D8F-45F3-9FC2-37D539810900}.Debug|x86.ActiveCfg = Debug|Any CPU
		{5C518DA6-0D8F-45F3-9FC2-37D539810900}.Debug|x86.Build.0 = Debug|Any CPU
		{5C518DA6-0D8F-45F3-9FC2-37D539810900}.Release|Any CPU.ActiveCfg = Release|Any CPU
		{5C518DA6-0D8F-45F3-9FC2-37D539810900}.Release|Any CPU.Build.0 = Release|Any CPU
		{5C518DA6-0D8F-45F3-9FC2-37D539810900}.Release|ARM.ActiveCfg = Release|Any CPU
		{5C518DA6-0D8F-45F3-9FC2-37D539810900}.Release|ARM.Build.0 = Release|Any CPU
		{5C518DA6-0D8F-45F3-9FC2-37D539810900}.Release|iPhone.ActiveCfg = Release|Any CPU
		{5C518DA6-0D8F-45F3-9FC2-37D539810900}.Release|iPhone.Build.0 = Release|Any CPU
		{5C518DA6-0D8F-45F3-9FC2-37D539810900}.Release|iPhoneSimulator.ActiveCfg = Release|Any CPU
		{5C518DA6-0D8F-45F3-9FC2-37D539810900}.Release|iPhoneSimulator.Build.0 = Release|Any CPU
		{5C518DA6-0D8F-45F3-9FC2-37D539810900}.Release|x64.ActiveCfg = Release|Any CPU
		{5C518DA6-0D8F-45F3-9FC2-37D539810900}.Release|x64.Build.0 = Release|Any CPU
		{5C518DA6-0D8F-45F3-9FC2-37D539810900}.Release|x86.ActiveCfg = Release|Any CPU
		{5C518DA6-0D8F-45F3-9FC2-37D539810900}.Release|x86.Build.0 = Release|Any CPU
		{77A6AD17-7978-4ACC-9ADF-73B36AD14E72}.Ad-Hoc|Any CPU.ActiveCfg = Debug|Any CPU
		{77A6AD17-7978-4ACC-9ADF-73B36AD14E72}.Ad-Hoc|Any CPU.Build.0 = Debug|Any CPU
		{77A6AD17-7978-4ACC-9ADF-73B36AD14E72}.Ad-Hoc|ARM.ActiveCfg = Debug|Any CPU
		{77A6AD17-7978-4ACC-9ADF-73B36AD14E72}.Ad-Hoc|ARM.Build.0 = Debug|Any CPU
		{77A6AD17-7978-4ACC-9ADF-73B36AD14E72}.Ad-Hoc|iPhone.ActiveCfg = Debug|Any CPU
		{77A6AD17-7978-4ACC-9ADF-73B36AD14E72}.Ad-Hoc|iPhone.Build.0 = Debug|Any CPU
		{77A6AD17-7978-4ACC-9ADF-73B36AD14E72}.Ad-Hoc|iPhoneSimulator.ActiveCfg = Debug|Any CPU
		{77A6AD17-7978-4ACC-9ADF-73B36AD14E72}.Ad-Hoc|iPhoneSimulator.Build.0 = Debug|Any CPU
		{77A6AD17-7978-4ACC-9ADF-73B36AD14E72}.Ad-Hoc|x64.ActiveCfg = Debug|Any CPU
		{77A6AD17-7978-4ACC-9ADF-73B36AD14E72}.Ad-Hoc|x64.Build.0 = Debug|Any CPU
		{77A6AD17-7978-4ACC-9ADF-73B36AD14E72}.Ad-Hoc|x86.ActiveCfg = Debug|Any CPU
		{77A6AD17-7978-4ACC-9ADF-73B36AD14E72}.Ad-Hoc|x86.Build.0 = Debug|Any CPU
		{77A6AD17-7978-4ACC-9ADF-73B36AD14E72}.AppStore|Any CPU.ActiveCfg = Debug|Any CPU
		{77A6AD17-7978-4ACC-9ADF-73B36AD14E72}.AppStore|Any CPU.Build.0 = Debug|Any CPU
		{77A6AD17-7978-4ACC-9ADF-73B36AD14E72}.AppStore|ARM.ActiveCfg = Debug|Any CPU
		{77A6AD17-7978-4ACC-9ADF-73B36AD14E72}.AppStore|ARM.Build.0 = Debug|Any CPU
		{77A6AD17-7978-4ACC-9ADF-73B36AD14E72}.AppStore|iPhone.ActiveCfg = Debug|Any CPU
		{77A6AD17-7978-4ACC-9ADF-73B36AD14E72}.AppStore|iPhone.Build.0 = Debug|Any CPU
		{77A6AD17-7978-4ACC-9ADF-73B36AD14E72}.AppStore|iPhoneSimulator.ActiveCfg = Debug|Any CPU
		{77A6AD17-7978-4ACC-9ADF-73B36AD14E72}.AppStore|iPhoneSimulator.Build.0 = Debug|Any CPU
		{77A6AD17-7978-4ACC-9ADF-73B36AD14E72}.AppStore|x64.ActiveCfg = Debug|Any CPU
		{77A6AD17-7978-4ACC-9ADF-73B36AD14E72}.AppStore|x64.Build.0 = Debug|Any CPU
		{77A6AD17-7978-4ACC-9ADF-73B36AD14E72}.AppStore|x86.ActiveCfg = Debug|Any CPU
		{77A6AD17-7978-4ACC-9ADF-73B36AD14E72}.AppStore|x86.Build.0 = Debug|Any CPU
		{77A6AD17-7978-4ACC-9ADF-73B36AD14E72}.Debug|Any CPU.ActiveCfg = Debug|Any CPU
		{77A6AD17-7978-4ACC-9ADF-73B36AD14E72}.Debug|Any CPU.Build.0 = Debug|Any CPU
		{77A6AD17-7978-4ACC-9ADF-73B36AD14E72}.Debug|ARM.ActiveCfg = Debug|Any CPU
		{77A6AD17-7978-4ACC-9ADF-73B36AD14E72}.Debug|ARM.Build.0 = Debug|Any CPU
		{77A6AD17-7978-4ACC-9ADF-73B36AD14E72}.Debug|iPhone.ActiveCfg = Debug|Any CPU
		{77A6AD17-7978-4ACC-9ADF-73B36AD14E72}.Debug|iPhone.Build.0 = Debug|Any CPU
		{77A6AD17-7978-4ACC-9ADF-73B36AD14E72}.Debug|iPhoneSimulator.ActiveCfg = Debug|Any CPU
		{77A6AD17-7978-4ACC-9ADF-73B36AD14E72}.Debug|iPhoneSimulator.Build.0 = Debug|Any CPU
		{77A6AD17-7978-4ACC-9ADF-73B36AD14E72}.Debug|x64.ActiveCfg = Debug|Any CPU
		{77A6AD17-7978-4ACC-9ADF-73B36AD14E72}.Debug|x64.Build.0 = Debug|Any CPU
		{77A6AD17-7978-4ACC-9ADF-73B36AD14E72}.Debug|x86.ActiveCfg = Debug|Any CPU
		{77A6AD17-7978-4ACC-9ADF-73B36AD14E72}.Debug|x86.Build.0 = Debug|Any CPU
		{77A6AD17-7978-4ACC-9ADF-73B36AD14E72}.Release|Any CPU.ActiveCfg = Release|Any CPU
		{77A6AD17-7978-4ACC-9ADF-73B36AD14E72}.Release|Any CPU.Build.0 = Release|Any CPU
		{77A6AD17-7978-4ACC-9ADF-73B36AD14E72}.Release|ARM.ActiveCfg = Release|Any CPU
		{77A6AD17-7978-4ACC-9ADF-73B36AD14E72}.Release|ARM.Build.0 = Release|Any CPU
		{77A6AD17-7978-4ACC-9ADF-73B36AD14E72}.Release|iPhone.ActiveCfg = Release|Any CPU
		{77A6AD17-7978-4ACC-9ADF-73B36AD14E72}.Release|iPhone.Build.0 = Release|Any CPU
		{77A6AD17-7978-4ACC-9ADF-73B36AD14E72}.Release|iPhoneSimulator.ActiveCfg = Release|Any CPU
		{77A6AD17-7978-4ACC-9ADF-73B36AD14E72}.Release|iPhoneSimulator.Build.0 = Release|Any CPU
		{77A6AD17-7978-4ACC-9ADF-73B36AD14E72}.Release|x64.ActiveCfg = Release|Any CPU
		{77A6AD17-7978-4ACC-9ADF-73B36AD14E72}.Release|x64.Build.0 = Release|Any CPU
		{77A6AD17-7978-4ACC-9ADF-73B36AD14E72}.Release|x86.ActiveCfg = Release|Any CPU
		{77A6AD17-7978-4ACC-9ADF-73B36AD14E72}.Release|x86.Build.0 = Release|Any CPU
	EndGlobalSection
	GlobalSection(SolutionProperties) = preSolution
		HideSolutionNode = FALSE
	EndGlobalSection
	GlobalSection(ExtensibilityGlobals) = postSolution
		SolutionGuid = {31EAA890-ED94-442C-964A-01ED6035ADD0}
	EndGlobalSection
EndGlobal
